
Microsoft Visual Studio Solution File, Format Version 12.00
# Visual Studio Version 17
VisualStudioVersion = 17.6.33829.357
MinimumVisualStudioVersion = 10.0.40219.1
Project("{FAE04EC0-301F-11D3-BF4B-00C04F79EFBC}") = "DriveXpress", "DriveXpress\DriveXpress.csproj", "{BB964DA6-D682-4435-A2D8-05928DFB0D65}"
EndProject
Global
	GlobalSection(SolutionConfigurationPlatforms) = preSolution
		Debug|Any CPU = Debug|Any CPU
		Release|Any CPU = Release|Any CPU
	EndGlobalSection
	GlobalSection(ProjectConfigurationPlatforms) = postSolution
		{BB964DA6-D682-4435-A2D8-05928DFB0D65}.Debug|Any CPU.ActiveCfg = Debug|Any CPU
		{BB964DA6-D682-4435-A2D8-05928DFB0D65}.Debug|Any CPU.Build.0 = Debug|Any CPU
		{BB964DA6-D682-4435-A2D8-05928DFB0D65}.Release|Any CPU.ActiveCfg = Release|Any CPU
		{BB964DA6-D682-4435-A2D8-05928DFB0D65}.Release|Any CPU.Build.0 = Release|Any CPU
	EndGlobalSection
	GlobalSection(SolutionProperties) = preSolution
		HideSolutionNode = FALSE
	EndGlobalSection
	GlobalSection(ExtensibilityGlobals) = postSolution
		SolutionGuid = {72E1B5A4-BAAC-4BA0-914B-A6A99E319B9C}
	EndGlobalSection
EndGlobal
